<?xml version="1.0" encoding="utf-8"?>
<Project ToolsVersion="4.0" xmlns="http://schemas.microsoft.com/developer/msbuild/2003">
  <ItemGroup>
    <Filter Include="Source Files">
      <UniqueIdentifier>{4FC737F1-C7A5-4376-A066-2A32D752A2FF}</UniqueIdentifier>
      <Extensions>cpp;c;cc;cxx;c++;cppm;ixx;def;odl;idl;hpj;bat;asm;asmx</Extensions>
    </Filter>
    <Filter Include="Header Files">
      <UniqueIdentifier>{93995380-89BD-4b04-88EB-625FBE52EBFB}</UniqueIdentifier>
      <Extensions>h;hh;hpp;hxx;h++;hm;inl;inc;ipp;xsd</Extensions>
    </Filter>
    <Filter Include="Resource Files">
      <UniqueIdentifier>{67DA6AB6-F800-4c08-8B7A-83BB121AAD01}</UniqueIdentifier>
      <Extensions>rc;ico;cur;bmp;dlg;rc2;rct;bin;rgs;gif;jpg;jpeg;jpe;resx;tiff;tif;png;wav;mfcribbon-ms</Extensions>
    </Filter>
  </ItemGroup>
  <ItemGroup>
    <ClInclude Include="login.h">
      <Filter>Header Files</Filter>
    </ClInclude>
    <ClInclude Include="signupform.h">
      <Filter>Header Files</Filter>
    </ClInclude>
    <ClInclude Include="MDI.h">
      <Filter>Header Files</Filter>
    </ClInclude>
    <ClInclude Include="studentEnrollment.h">
      <Filter>Header Files</Filter>
    </ClInclude>
    <ClInclude Include="CourseManagementForm.h">
      <Filter>Header Files</Filter>
    </ClInclude>
    <ClInclude Include="FacultyProfileForm.h">
      <Filter>Header Files</Filter>
    </ClInclude>
    <ClInclude Include="StudentGradesForm.h">
      <Filter>Header Files</Filter>
    </ClInclude>
    <ClInclude Include="StudentScheduleForm.h">
      <Filter>Header Files</Filter>
    </ClInclude>
    <ClInclude Include="GradeEntryForm.h">
      <Filter>Header Files</Filter>
    </ClInclude>
    <ClInclude Include="ViewRosterForm.h">
      <Filter>Header Files</Filter>
    </ClInclude>
    <ClInclude Include="TranscriptForm.h">
      <Filter>Header Files</Filter>
    </ClInclude>
    <ClInclude Include="ManageProgramsForm.h">
      <Filter>Header Files</Filter>
    </ClInclude>
    <ClInclude Include="UserManagementForm.h">
      <Filter>Header Files</Filter>
    </ClInclude>
    <ClInclude Include="ReportGenerationForm.h">
      <Filter>Header Files</Filter>
    </ClInclude>
    <ClInclude Include="StudentProfileForm.h">
      <Filter>Header Files</Filter>
    </ClInclude>
  </ItemGroup>
  <ItemGroup>
    <ClCompile Include="login.cpp">
      <Filter>Source Files</Filter>
    </ClCompile>
    <ClCompile Include="signupform.cpp">
      <Filter>Source Files</Filter>
    </ClCompile>
    <ClCompile Include="MDI.cpp">
      <Filter>Source Files</Filter>
    </ClCompile>
    <ClCompile Include="studentEnrollment.cpp">
      <Filter>Source Files</Filter>
    </ClCompile>
    <ClCompile Include="CourseManagementForm.cpp">
      <Filter>Source Files</Filter>
    </ClCompile>
    <ClCompile Include="FacultyProfileForm.cpp">
      <Filter>Source Files</Filter>
    </ClCompile>
    <ClCompile Include="StudentGradesForm.cpp">
      <Filter>Source Files</Filter>
    </ClCompile>
    <ClCompile Include="StudentScheduleForm.cpp">
      <Filter>Source Files</Filter>
    </ClCompile>
    <ClCompile Include="GradeEntryForm.cpp">
      <Filter>Source Files</Filter>
    </ClCompile>
    <ClCompile Include="ViewRosterForm.cpp">
      <Filter>Source Files</Filter>
    </ClCompile>
    <ClCompile Include="TranscriptForm.cpp">
      <Filter>Source Files</Filter>
    </ClCompile>
    <ClCompile Include="ManageProgramsForm.cpp">
      <Filter>Source Files</Filter>
    </ClCompile>
    <ClCompile Include="UserManagementForm.cpp">
      <Filter>Source Files</Filter>
    </ClCompile>
    <ClCompile Include="ReportGenerationForm.cpp">
      <Filter>Source Files</Filter>
    </ClCompile>
    <ClCompile Include="StudentProfileForm.cpp">
      <Filter>Source Files</Filter>
    </ClCompile>
  </ItemGroup>
</Project>